
Microsoft Visual Studio Solution File, Format Version 12.00
# Visual Studio 15
VisualStudioVersion = 15.0.27130.2036
MinimumVisualStudioVersion = 10.0.40219.1
Project("{8BC9CEB8-8B4A-11D0-8D11-00A0C91BC942}") = "HW08-EX02", "HW08-EX02\HW08-EX02.vcxproj", "{33B4E0DE-9D5A-4660-9A8F-1C98B3694CDC}"
EndProject
Global
	GlobalSection(SolutionConfigurationPlatforms) = preSolution
		Debug|x64 = Debug|x64
		Debug|x86 = Debug|x86
		Release|x64 = Release|x64
		Release|x86 = Release|x86
	EndGlobalSection
	GlobalSection(ProjectConfigurationPlatforms) = postSolution
		{33B4E0DE-9D5A-4660-9A8F-1C98B3694CDC}.Debug|x64.ActiveCfg = Debug|x64
		{33B4E0DE-9D5A-4660-9A8F-1C98B3694CDC}.Debug|x64.Build.0 = Debug|x64
		{33B4E0DE-9D5A-4660-9A8F-1C98B3694CDC}.Debug|x86.ActiveCfg = Debug|Win32
		{33B4E0DE-9D5A-4660-9A8F-1C98B3694CDC}.Debug|x86.Build.0 = Debug|Win32
		{33B4E0DE-9D5A-4660-9A8F-1C98B3694CDC}.Release|x64.ActiveCfg = Release|x64
		{33B4E0DE-9D5A-4660-9A8F-1C98B3694CDC}.Release|x64.Build.0 = Release|x64
		{33B4E0DE-9D5A-4660-9A8F-1C98B3694CDC}.Release|x86.ActiveCfg = Release|Win32
		{33B4E0DE-9D5A-4660-9A8F-1C98B3694CDC}.Release|x86.Build.0 = Release|Win32
	EndGlobalSection
	GlobalSection(SolutionProperties) = preSolution
		HideSolutionNode = FALSE
	EndGlobalSection
	GlobalSection(ExtensibilityGlobals) = postSolution
		SolutionGuid = {A0EA1E74-C913-4B73-9D6C-009456F2B807}
	EndGlobalSection
EndGlobal
