
Microsoft Visual Studio Solution File, Format Version 12.00
# Visual Studio 15
VisualStudioVersion = 15.0.27130.2036
MinimumVisualStudioVersion = 10.0.40219.1
Project("{8BC9CEB8-8B4A-11D0-8D11-00A0C91BC942}") = "HW08-EX01", "HW08-EX01\HW08-EX01.vcxproj", "{7DBC57FF-04CC-4D6D-810B-55AFE7152935}"
EndProject
Global
	GlobalSection(SolutionConfigurationPlatforms) = preSolution
		Debug|x64 = Debug|x64
		Debug|x86 = Debug|x86
		Release|x64 = Release|x64
		Release|x86 = Release|x86
	EndGlobalSection
	GlobalSection(ProjectConfigurationPlatforms) = postSolution
		{7DBC57FF-04CC-4D6D-810B-55AFE7152935}.Debug|x64.ActiveCfg = Debug|x64
		{7DBC57FF-04CC-4D6D-810B-55AFE7152935}.Debug|x64.Build.0 = Debug|x64
		{7DBC57FF-04CC-4D6D-810B-55AFE7152935}.Debug|x86.ActiveCfg = Debug|Win32
		{7DBC57FF-04CC-4D6D-810B-55AFE7152935}.Debug|x86.Build.0 = Debug|Win32
		{7DBC57FF-04CC-4D6D-810B-55AFE7152935}.Release|x64.ActiveCfg = Release|x64
		{7DBC57FF-04CC-4D6D-810B-55AFE7152935}.Release|x64.Build.0 = Release|x64
		{7DBC57FF-04CC-4D6D-810B-55AFE7152935}.Release|x86.ActiveCfg = Release|Win32
		{7DBC57FF-04CC-4D6D-810B-55AFE7152935}.Release|x86.Build.0 = Release|Win32
	EndGlobalSection
	GlobalSection(SolutionProperties) = preSolution
		HideSolutionNode = FALSE
	EndGlobalSection
	GlobalSection(ExtensibilityGlobals) = postSolution
		SolutionGuid = {0E78AB0A-DA28-429C-8CC9-2F7A322A50AF}
	EndGlobalSection
EndGlobal
